
Microsoft Visual Studio Solution File, Format Version 12.00
# Visual Studio Version 17
VisualStudioVersion = 17.4.33213.308
MinimumVisualStudioVersion = 10.0.40219.1
Project("{9A19103F-16F7-4668-BE54-9A1E7A4F7556}") = "Solid.App", "Solid.App\Solid.App.csproj", "{6740251B-CE6D-4D31-92EE-D4792ADC755E}"
EndProject
Project("{9A19103F-16F7-4668-BE54-9A1E7A4F7556}") = "FluentValidationApp.Web", "FluentValidationApp.Web\FluentValidationApp.Web.csproj", "{F9121601-CE4E-4E93-B135-4858C67097F4}"
EndProject
Global
	GlobalSection(SolutionConfigurationPlatforms) = preSolution
		Debug|Any CPU = Debug|Any CPU
		Release|Any CPU = Release|Any CPU
	EndGlobalSection
	GlobalSection(ProjectConfigurationPlatforms) = postSolution
		{6740251B-CE6D-4D31-92EE-D4792ADC755E}.Debug|Any CPU.ActiveCfg = Debug|Any CPU
		{6740251B-CE6D-4D31-92EE-D4792ADC755E}.Debug|Any CPU.Build.0 = Debug|Any CPU
		{6740251B-CE6D-4D31-92EE-D4792ADC755E}.Release|Any CPU.ActiveCfg = Release|Any CPU
		{6740251B-CE6D-4D31-92EE-D4792ADC755E}.Release|Any CPU.Build.0 = Release|Any CPU
		{F9121601-CE4E-4E93-B135-4858C67097F4}.Debug|Any CPU.ActiveCfg = Debug|Any CPU
		{F9121601-CE4E-4E93-B135-4858C67097F4}.Debug|Any CPU.Build.0 = Debug|Any CPU
		{F9121601-CE4E-4E93-B135-4858C67097F4}.Release|Any CPU.ActiveCfg = Release|Any CPU
		{F9121601-CE4E-4E93-B135-4858C67097F4}.Release|Any CPU.Build.0 = Release|Any CPU
	EndGlobalSection
	GlobalSection(SolutionProperties) = preSolution
		HideSolutionNode = FALSE
	EndGlobalSection
	GlobalSection(ExtensibilityGlobals) = postSolution
		SolutionGuid = {68FC1A80-A3BE-402B-B0EA-DE2D7E1434C9}
	EndGlobalSection
EndGlobal
